
Microsoft Visual Studio Solution File, Format Version 12.00
# Visual Studio Version 17
VisualStudioVersion = 17.3.32922.545
MinimumVisualStudioVersion = 10.0.40219.1
Project("{FAE04EC0-301F-11D3-BF4B-00C04F79EFBC}") = "Gestión Ingresos", "Gestión Ingresos\Gestión Ingresos.csproj", "{CAE1AB38-A485-4008-B4B4-B27D9911BF48}"
EndProject
Global
	GlobalSection(SolutionConfigurationPlatforms) = preSolution
		Debug|Any CPU = Debug|Any CPU
		Release|Any CPU = Release|Any CPU
	EndGlobalSection
	GlobalSection(ProjectConfigurationPlatforms) = postSolution
		{CAE1AB38-A485-4008-B4B4-B27D9911BF48}.Debug|Any CPU.ActiveCfg = Debug|Any CPU
		{CAE1AB38-A485-4008-B4B4-B27D9911BF48}.Debug|Any CPU.Build.0 = Debug|Any CPU
		{CAE1AB38-A485-4008-B4B4-B27D9911BF48}.Release|Any CPU.ActiveCfg = Release|Any CPU
		{CAE1AB38-A485-4008-B4B4-B27D9911BF48}.Release|Any CPU.Build.0 = Release|Any CPU
	EndGlobalSection
	GlobalSection(SolutionProperties) = preSolution
		HideSolutionNode = FALSE
	EndGlobalSection
	GlobalSection(ExtensibilityGlobals) = postSolution
		SolutionGuid = {F0BFA99C-6D25-42B2-9ECD-238AFDE107E1}
	EndGlobalSection
EndGlobal
